
Microsoft Visual Studio Solution File, Format Version 12.00
# Visual Studio Version 17
VisualStudioVersion = 17.6.33723.286
MinimumVisualStudioVersion = 10.0.40219.1
Project("{FAE04EC0-301F-11D3-BF4B-00C04F79EFBC}") = "AppXiamrinStore.Android", "AppXiamrinStore\AppXiamrinStore.Android\AppXiamrinStore.Android.csproj", "{3415424C-96DD-4F7F-A463-4436B37CDF77}"
EndProject
Project("{FAE04EC0-301F-11D3-BF4B-00C04F79EFBC}") = "AppXiamrinStore.iOS", "AppXiamrinStore\AppXiamrinStore.iOS\AppXiamrinStore.iOS.csproj", "{54B516E8-4E7F-4FB2-B4F9-586FD6C032A2}"
EndProject
Project("{FAE04EC0-301F-11D3-BF4B-00C04F79EFBC}") = "AppXiamrinStore", "AppXiamrinStore\AppXiamrinStore\AppXiamrinStore.csproj", "{0E8560F7-1259-46F6-9356-83750D2F2023}"
EndProject
Global
	GlobalSection(SolutionConfigurationPlatforms) = preSolution
		Debug|Any CPU = Debug|Any CPU
		Debug|iPhone = Debug|iPhone
		Debug|iPhoneSimulator = Debug|iPhoneSimulator
		Release|Any CPU = Release|Any CPU
		Release|iPhone = Release|iPhone
		Release|iPhoneSimulator = Release|iPhoneSimulator
	EndGlobalSection
	GlobalSection(ProjectConfigurationPlatforms) = postSolution
		{3415424C-96DD-4F7F-A463-4436B37CDF77}.Debug|Any CPU.ActiveCfg = Debug|Any CPU
		{3415424C-96DD-4F7F-A463-4436B37CDF77}.Debug|Any CPU.Build.0 = Debug|Any CPU
		{3415424C-96DD-4F7F-A463-4436B37CDF77}.Debug|Any CPU.Deploy.0 = Debug|Any CPU
		{3415424C-96DD-4F7F-A463-4436B37CDF77}.Debug|iPhone.ActiveCfg = Debug|Any CPU
		{3415424C-96DD-4F7F-A463-4436B37CDF77}.Debug|iPhone.Build.0 = Debug|Any CPU
		{3415424C-96DD-4F7F-A463-4436B37CDF77}.Debug|iPhone.Deploy.0 = Debug|Any CPU
		{3415424C-96DD-4F7F-A463-4436B37CDF77}.Debug|iPhoneSimulator.ActiveCfg = Debug|Any CPU
		{3415424C-96DD-4F7F-A463-4436B37CDF77}.Debug|iPhoneSimulator.Build.0 = Debug|Any CPU
		{3415424C-96DD-4F7F-A463-4436B37CDF77}.Debug|iPhoneSimulator.Deploy.0 = Debug|Any CPU
		{3415424C-96DD-4F7F-A463-4436B37CDF77}.Release|Any CPU.ActiveCfg = Release|Any CPU
		{3415424C-96DD-4F7F-A463-4436B37CDF77}.Release|Any CPU.Build.0 = Release|Any CPU
		{3415424C-96DD-4F7F-A463-4436B37CDF77}.Release|Any CPU.Deploy.0 = Release|Any CPU
		{3415424C-96DD-4F7F-A463-4436B37CDF77}.Release|iPhone.ActiveCfg = Release|Any CPU
		{3415424C-96DD-4F7F-A463-4436B37CDF77}.Release|iPhone.Build.0 = Release|Any CPU
		{3415424C-96DD-4F7F-A463-4436B37CDF77}.Release|iPhone.Deploy.0 = Release|Any CPU
		{3415424C-96DD-4F7F-A463-4436B37CDF77}.Release|iPhoneSimulator.ActiveCfg = Release|Any CPU
		{3415424C-96DD-4F7F-A463-4436B37CDF77}.Release|iPhoneSimulator.Build.0 = Release|Any CPU
		{3415424C-96DD-4F7F-A463-4436B37CDF77}.Release|iPhoneSimulator.Deploy.0 = Release|Any CPU
		{54B516E8-4E7F-4FB2-B4F9-586FD6C032A2}.Debug|Any CPU.ActiveCfg = Debug|iPhone
		{54B516E8-4E7F-4FB2-B4F9-586FD6C032A2}.Debug|Any CPU.Build.0 = Debug|iPhone
		{54B516E8-4E7F-4FB2-B4F9-586FD6C032A2}.Debug|Any CPU.Deploy.0 = Debug|iPhone
		{54B516E8-4E7F-4FB2-B4F9-586FD6C032A2}.Debug|iPhone.ActiveCfg = Debug|iPhone
		{54B516E8-4E7F-4FB2-B4F9-586FD6C032A2}.Debug|iPhone.Build.0 = Debug|iPhone
		{54B516E8-4E7F-4FB2-B4F9-586FD6C032A2}.Debug|iPhone.Deploy.0 = Debug|iPhone
		{54B516E8-4E7F-4FB2-B4F9-586FD6C032A2}.Debug|iPhoneSimulator.ActiveCfg = Debug|iPhoneSimulator
		{54B516E8-4E7F-4FB2-B4F9-586FD6C032A2}.Debug|iPhoneSimulator.Build.0 = Debug|iPhoneSimulator
		{54B516E8-4E7F-4FB2-B4F9-586FD6C032A2}.Debug|iPhoneSimulator.Deploy.0 = Debug|iPhoneSimulator
		{54B516E8-4E7F-4FB2-B4F9-586FD6C032A2}.Release|Any CPU.ActiveCfg = Release|iPhoneSimulator
		{54B516E8-4E7F-4FB2-B4F9-586FD6C032A2}.Release|Any CPU.Build.0 = Release|iPhoneSimulator
		{54B516E8-4E7F-4FB2-B4F9-586FD6C032A2}.Release|Any CPU.Deploy.0 = Release|iPhoneSimulator
		{54B516E8-4E7F-4FB2-B4F9-586FD6C032A2}.Release|iPhone.ActiveCfg = Release|iPhone
		{54B516E8-4E7F-4FB2-B4F9-586FD6C032A2}.Release|iPhone.Build.0 = Release|iPhone
		{54B516E8-4E7F-4FB2-B4F9-586FD6C032A2}.Release|iPhone.Deploy.0 = Release|iPhone
		{54B516E8-4E7F-4FB2-B4F9-586FD6C032A2}.Release|iPhoneSimulator.ActiveCfg = Release|iPhoneSimulator
		{54B516E8-4E7F-4FB2-B4F9-586FD6C032A2}.Release|iPhoneSimulator.Build.0 = Release|iPhoneSimulator
		{54B516E8-4E7F-4FB2-B4F9-586FD6C032A2}.Release|iPhoneSimulator.Deploy.0 = Release|iPhoneSimulator
		{0E8560F7-1259-46F6-9356-83750D2F2023}.Debug|Any CPU.ActiveCfg = Debug|Any CPU
		{0E8560F7-1259-46F6-9356-83750D2F2023}.Debug|Any CPU.Build.0 = Debug|Any CPU
		{0E8560F7-1259-46F6-9356-83750D2F2023}.Debug|Any CPU.Deploy.0 = Debug|Any CPU
		{0E8560F7-1259-46F6-9356-83750D2F2023}.Debug|iPhone.ActiveCfg = Debug|Any CPU
		{0E8560F7-1259-46F6-9356-83750D2F2023}.Debug|iPhone.Build.0 = Debug|Any CPU
		{0E8560F7-1259-46F6-9356-83750D2F2023}.Debug|iPhone.Deploy.0 = Debug|Any CPU
		{0E8560F7-1259-46F6-9356-83750D2F2023}.Debug|iPhoneSimulator.ActiveCfg = Debug|Any CPU
		{0E8560F7-1259-46F6-9356-83750D2F2023}.Debug|iPhoneSimulator.Build.0 = Debug|Any CPU
		{0E8560F7-1259-46F6-9356-83750D2F2023}.Debug|iPhoneSimulator.Deploy.0 = Debug|Any CPU
		{0E8560F7-1259-46F6-9356-83750D2F2023}.Release|Any CPU.ActiveCfg = Release|Any CPU
		{0E8560F7-1259-46F6-9356-83750D2F2023}.Release|Any CPU.Build.0 = Release|Any CPU
		{0E8560F7-1259-46F6-9356-83750D2F2023}.Release|Any CPU.Deploy.0 = Release|Any CPU
		{0E8560F7-1259-46F6-9356-83750D2F2023}.Release|iPhone.ActiveCfg = Release|Any CPU
		{0E8560F7-1259-46F6-9356-83750D2F2023}.Release|iPhone.Build.0 = Release|Any CPU
		{0E8560F7-1259-46F6-9356-83750D2F2023}.Release|iPhone.Deploy.0 = Release|Any CPU
		{0E8560F7-1259-46F6-9356-83750D2F2023}.Release|iPhoneSimulator.ActiveCfg = Release|Any CPU
		{0E8560F7-1259-46F6-9356-83750D2F2023}.Release|iPhoneSimulator.Build.0 = Release|Any CPU
		{0E8560F7-1259-46F6-9356-83750D2F2023}.Release|iPhoneSimulator.Deploy.0 = Release|Any CPU
	EndGlobalSection
	GlobalSection(SolutionProperties) = preSolution
		HideSolutionNode = FALSE
	EndGlobalSection
	GlobalSection(ExtensibilityGlobals) = postSolution
		SolutionGuid = {1BAC4C80-17AE-4F8F-956F-B9E02F4AC5B4}
	EndGlobalSection
EndGlobal
